version = 1
revision = 3
requires-python = ">=3.13"

[[package]]
name = "blinker"
version = "1.9.0"
source = { registry = "https://pypi.org/simple" }
sdist = { url = "https://files.pythonhosted.org/packages/21/28/9b3f50ce0e048515135495f198351908d99540d69bfdc8c1d15b73dc55ce/blinker-1.9.0.tar.gz", hash = "sha256:b4ce2265a7abece45e7cc896e98dbebe6cead56bcf805a3d23136d145f5445bf", size = 22460, upload-time = "2024-11-08T17:25:47.436Z" }
wheels = [
    { url = "https://files.pythonhosted.org/packages/10/cb/f2ad4230dc2eb1a74edf38f1a38b9b52277f75bef262d8908e60d957e13c/blinker-1.9.0-py3-none-any.whl", hash = "sha256:ba0efaa9080b619ff2f3459d1d500c57bddea4a6b424b60a91141db6fd2f08bc", size = 8458, upload-time = "2024-11-08T17:25:46.184Z" },
]

[[package]]
name = "bnuuy-time"
version = "0.1.0"
source = { virtual = "." }
dependencies = [
    { name = "flask" },
    { name = "granian" },
    { name = "pyhtml-enhanced" },
]

[package.dev-dependencies]
dev = [
    { name = "coverage" },
    { name = "mypy" },
    { name = "pytest" },
    { name = "ruff" },
]

[package.metadata]
requires-dist = [
    { name = "flask", specifier = ">=3.1.0" },
    { name = "granian", specifier = ">=2.6.0" },
    { name = "pyhtml-enhanced", specifier = ">=2.2.4" },
]

[package.metadata.requires-dev]
dev = [
    { name = "coverage", specifier = ">=7.9.2" },
    { name = "mypy", specifier = ">=1.16.1" },
    { name = "pytest", specifier = ">=8.3.5" },
    { name = "ruff", specifier = ">=0.12.3" },
]

[[package]]
name = "click"
version = "8.1.8"
source = { registry = "https://pypi.org/simple" }
dependencies = [
    { name = "colorama", marker = "sys_platform == 'win32'" },
]
sdist = { url = "https://files.pythonhosted.org/packages/b9/2e/0090cbf739cee7d23781ad4b89a9894a41538e4fcf4c31dcdd705b78eb8b/click-8.1.8.tar.gz", hash = "sha256:ed53c9d8990d83c2a27deae68e4ee337473f6330c040a31d4225c9574d16096a", size = 226593, upload-time = "2024-12-21T18:38:44.339Z" }
wheels = [
    { url = "https://files.pythonhosted.org/packages/7e/d4/7ebdbd03970677812aac39c869717059dbb71a4cfc033ca6e5221787892c/click-8.1.8-py3-none-any.whl", hash = "sha256:63c132bbbed01578a06712a2d1f497bb62d9c1c0d329b7903a866228027263b2", size = 98188, upload-time = "2024-12-21T18:38:41.666Z" },
]

[[package]]
name = "colorama"
version = "0.4.6"
source = { registry = "https://pypi.org/simple" }
sdist = { url = "https://files.pythonhosted.org/packages/d8/53/6f443c9a4a8358a93a6792e2acffb9d9d5cb0a5cfd8802644b7b1c9a02e4/colorama-0.4.6.tar.gz", hash = "sha256:08695f5cb7ed6e0531a20572697297273c47b8cae5a63ffc6d6ed5c201be6e44", size = 27697, upload-time = "2022-10-25T02:36:22.414Z" }
wheels = [
    { url = "https://files.pythonhosted.org/packages/d1/d6/3965ed04c63042e047cb6a3e6ed1a63a35087b6a609aa3a15ed8ac56c221/colorama-0.4.6-py2.py3-none-any.whl", hash = "sha256:4f1d9991f5acc0ca119f9d443620b77f9d6b33703e51011c16baf57afb285fc6", size = 25335, upload-time = "2022-10-25T02:36:20.889Z" },
]

[[package]]
name = "coverage"
version = "7.9.2"
source = { registry = "https://pypi.org/simple" }
sdist = { url = "https://files.pythonhosted.org/packages/04/b7/c0465ca253df10a9e8dae0692a4ae6e9726d245390aaef92360e1d6d3832/coverage-7.9.2.tar.gz", hash = "sha256:997024fa51e3290264ffd7492ec97d0690293ccd2b45a6cd7d82d945a4a80c8b", size = 813556, upload-time = "2025-07-03T10:54:15.101Z" }
wheels = [
    { url = "https://files.pythonhosted.org/packages/94/9d/7a8edf7acbcaa5e5c489a646226bed9591ee1c5e6a84733c0140e9ce1ae1/coverage-7.9.2-cp313-cp313-macosx_10_13_x86_64.whl", hash = "sha256:985abe7f242e0d7bba228ab01070fde1d6c8fa12f142e43debe9ed1dde686038", size = 212367, upload-time = "2025-07-03T10:53:25.811Z" },
    { url = "https://files.pythonhosted.org/packages/e8/9e/5cd6f130150712301f7e40fb5865c1bc27b97689ec57297e568d972eec3c/coverage-7.9.2-cp313-cp313-macosx_11_0_arm64.whl", hash = "sha256:82c3939264a76d44fde7f213924021ed31f55ef28111a19649fec90c0f109e6d", size = 212632, upload-time = "2025-07-03T10:53:27.075Z" },
    { url = "https://files.pythonhosted.org/packages/a8/de/6287a2c2036f9fd991c61cefa8c64e57390e30c894ad3aa52fac4c1e14a8/coverage-7.9.2-cp313-cp313-manylinux_2_17_aarch64.manylinux2014_aarch64.whl", hash = "sha256:ae5d563e970dbe04382f736ec214ef48103d1b875967c89d83c6e3f21706d5b3", size = 245793, upload-time = "2025-07-03T10:53:28.408Z" },
    { url = "https://files.pythonhosted.org/packages/06/cc/9b5a9961d8160e3cb0b558c71f8051fe08aa2dd4b502ee937225da564ed1/coverage-7.9.2-cp313-cp313-manylinux_2_5_i686.manylinux1_i686.manylinux_2_17_i686.manylinux2014_i686.whl", hash = "sha256:bdd612e59baed2a93c8843c9a7cb902260f181370f1d772f4842987535071d14", size = 243006, upload-time = "2025-07-03T10:53:29.754Z" },
    { url = "https://files.pythonhosted.org/packages/49/d9/4616b787d9f597d6443f5588619c1c9f659e1f5fc9eebf63699eb6d34b78/coverage-7.9.2-cp313-cp313-manylinux_2_5_x86_64.manylinux1_x86_64.manylinux_2_17_x86_64.manylinux2014_x86_64.whl", hash = "sha256:256ea87cb2a1ed992bcdfc349d8042dcea1b80436f4ddf6e246d6bee4b5d73b6", size = 244990, upload-time = "2025-07-03T10:53:31.098Z" },
    { url = "https://files.pythonhosted.org/packages/48/83/801cdc10f137b2d02b005a761661649ffa60eb173dcdaeb77f571e4dc192/coverage-7.9.2-cp313-cp313-musllinux_1_2_aarch64.whl", hash = "sha256:f44ae036b63c8ea432f610534a2668b0c3aee810e7037ab9d8ff6883de480f5b", size = 245157, upload-time = "2025-07-03T10:53:32.717Z" },
    { url = "https://files.pythonhosted.org/packages/c8/a4/41911ed7e9d3ceb0ffb019e7635468df7499f5cc3edca5f7dfc078e9c5ec/coverage-7.9.2-cp313-cp313-musllinux_1_2_i686.whl", hash = "sha256:82d76ad87c932935417a19b10cfe7abb15fd3f923cfe47dbdaa74ef4e503752d", size = 243128, upload-time = "2025-07-03T10:53:34.009Z" },
    { url = "https://files.pythonhosted.org/packages/10/41/344543b71d31ac9cb00a664d5d0c9ef134a0fe87cb7d8430003b20fa0b7d/coverage-7.9.2-cp313-cp313-musllinux_1_2_x86_64.whl", hash = "sha256:619317bb86de4193debc712b9e59d5cffd91dc1d178627ab2a77b9870deb2868", size = 244511, upload-time = "2025-07-03T10:53:35.434Z" },
    { url = "https://files.pythonhosted.org/packages/d5/81/3b68c77e4812105e2a060f6946ba9e6f898ddcdc0d2bfc8b4b152a9ae522/coverage-7.9.2-cp313-cp313-win32.whl", hash = "sha256:0a07757de9feb1dfafd16ab651e0f628fd7ce551604d1bf23e47e1ddca93f08a", size = 214765, upload-time = "2025-07-03T10:53:36.787Z" },
    { url = "https://files.pythonhosted.org/packages/06/a2/7fac400f6a346bb1a4004eb2a76fbff0e242cd48926a2ce37a22a6a1d917/coverage-7.9.2-cp313-cp313-win_amd64.whl", hash = "sha256:115db3d1f4d3f35f5bb021e270edd85011934ff97c8797216b62f461dd69374b", size = 215536, upload-time = "2025-07-03T10:53:38.188Z" },
    { url = "https://files.pythonhosted.org/packages/08/47/2c6c215452b4f90d87017e61ea0fd9e0486bb734cb515e3de56e2c32075f/coverage-7.9.2-cp313-cp313-win_arm64.whl", hash = "sha256:48f82f889c80af8b2a7bb6e158d95a3fbec6a3453a1004d04e4f3b5945a02694", size = 213943, upload-time = "2025-07-03T10:53:39.492Z" },
    { url = "https://files.pythonhosted.org/packages/a3/46/e211e942b22d6af5e0f323faa8a9bc7c447a1cf1923b64c47523f36ed488/coverage-7.9.2-cp313-cp313t-macosx_10_13_x86_64.whl", hash = "sha256:55a28954545f9d2f96870b40f6c3386a59ba8ed50caf2d949676dac3ecab99f5", size = 213088, upload-time = "2025-07-03T10:53:40.874Z" },
    { url = "https://files.pythonhosted.org/packages/d2/2f/762551f97e124442eccd907bf8b0de54348635b8866a73567eb4e6417acf/coverage-7.9.2-cp313-cp313t-macosx_11_0_arm64.whl", hash = "sha256:cdef6504637731a63c133bb2e6f0f0214e2748495ec15fe42d1e219d1b133f0b", size = 213298, upload-time = "2025-07-03T10:53:42.218Z" },
    { url = "https://files.pythonhosted.org/packages/7a/b7/76d2d132b7baf7360ed69be0bcab968f151fa31abe6d067f0384439d9edb/coverage-7.9.2-cp313-cp313t-manylinux_2_17_aarch64.manylinux2014_aarch64.whl", hash = "sha256:bcd5ebe66c7a97273d5d2ddd4ad0ed2e706b39630ed4b53e713d360626c3dbb3", size = 256541, upload-time = "2025-07-03T10:53:43.823Z" },
    { url = "https://files.pythonhosted.org/packages/a0/17/392b219837d7ad47d8e5974ce5f8dc3deb9f99a53b3bd4d123602f960c81/coverage-7.9.2-cp313-cp313t-manylinux_2_5_i686.manylinux1_i686.manylinux_2_17_i686.manylinux2014_i686.whl", hash = "sha256:9303aed20872d7a3c9cb39c5d2b9bdbe44e3a9a1aecb52920f7e7495410dfab8", size = 252761, upload-time = "2025-07-03T10:53:45.19Z" },
    { url = "https://files.pythonhosted.org/packages/d5/77/4256d3577fe1b0daa8d3836a1ebe68eaa07dd2cbaf20cf5ab1115d6949d4/coverage-7.9.2-cp313-cp313t-manylinux_2_5_x86_64.manylinux1_x86_64.manylinux_2_17_x86_64.manylinux2014_x86_64.whl", hash = "sha256:bc18ea9e417a04d1920a9a76fe9ebd2f43ca505b81994598482f938d5c315f46", size = 254917, upload-time = "2025-07-03T10:53:46.931Z" },
    { url = "https://files.pythonhosted.org/packages/53/99/fc1a008eef1805e1ddb123cf17af864743354479ea5129a8f838c433cc2c/coverage-7.9.2-cp313-cp313t-musllinux_1_2_aarch64.whl", hash = "sha256:6406cff19880aaaadc932152242523e892faff224da29e241ce2fca329866584", size = 256147, upload-time = "2025-07-03T10:53:48.289Z" },
    { url = "https://files.pythonhosted.org/packages/92/c0/f63bf667e18b7f88c2bdb3160870e277c4874ced87e21426128d70aa741f/coverage-7.9.2-cp313-cp313t-musllinux_1_2_i686.whl", hash = "sha256:2d0d4f6ecdf37fcc19c88fec3e2277d5dee740fb51ffdd69b9579b8c31e4232e", size = 254261, upload-time = "2025-07-03T10:53:49.99Z" },
    { url = "https://files.pythonhosted.org/packages/8c/32/37dd1c42ce3016ff8ec9e4b607650d2e34845c0585d3518b2a93b4830c1a/coverage-7.9.2-cp313-cp313t-musllinux_1_2_x86_64.whl", hash = "sha256:c33624f50cf8de418ab2b4d6ca9eda96dc45b2c4231336bac91454520e8d1fac", size = 255099, upload-time = "2025-07-03T10:53:51.354Z" },
    { url = "https://files.pythonhosted.org/packages/da/2e/af6b86f7c95441ce82f035b3affe1cd147f727bbd92f563be35e2d585683/coverage-7.9.2-cp313-cp313t-win32.whl", hash = "sha256:1df6b76e737c6a92210eebcb2390af59a141f9e9430210595251fbaf02d46926", size = 215440, upload-time = "2025-07-03T10:53:52.808Z" },
    { url = "https://files.pythonhosted.org/packages/4d/bb/8a785d91b308867f6b2e36e41c569b367c00b70c17f54b13ac29bcd2d8c8/coverage-7.9.2-cp313-cp313t-win_amd64.whl", hash = "sha256:f5fd54310b92741ebe00d9c0d1d7b2b27463952c022da6d47c175d246a98d1bd", size = 216537, upload-time = "2025-07-03T10:53:54.273Z" },
    { url = "https://files.pythonhosted.org/packages/1d/a0/a6bffb5e0f41a47279fd45a8f3155bf193f77990ae1c30f9c224b61cacb0/coverage-7.9.2-cp313-cp313t-win_arm64.whl", hash = "sha256:c48c2375287108c887ee87d13b4070a381c6537d30e8487b24ec721bf2a781cb", size = 214398, upload-time = "2025-07-03T10:53:56.715Z" },
    { url = "https://files.pythonhosted.org/packages/3c/38/bbe2e63902847cf79036ecc75550d0698af31c91c7575352eb25190d0fb3/coverage-7.9.2-py3-none-any.whl", hash = "sha256:e425cd5b00f6fc0ed7cdbd766c70be8baab4b7839e4d4fe5fac48581dd968ea4", size = 204005, upload-time = "2025-07-03T10:54:13.491Z" },
]

[[package]]
name = "flask"
version = "3.1.0"
source = { registry = "https://pypi.org/simple" }
dependencies = [
    { name = "blinker" },
    { name = "click" },
    { name = "itsdangerous" },
    { name = "jinja2" },
    { name = "werkzeug" },
]
sdist = { url = "https://files.pythonhosted.org/packages/89/50/dff6380f1c7f84135484e176e0cac8690af72fa90e932ad2a0a60e28c69b/flask-3.1.0.tar.gz", hash = "sha256:5f873c5184c897c8d9d1b05df1e3d01b14910ce69607a117bd3277098a5836ac", size = 680824, upload-time = "2024-11-13T18:24:38.127Z" }
wheels = [
    { url = "https://files.pythonhosted.org/packages/af/47/93213ee66ef8fae3b93b3e29206f6b251e65c97bd91d8e1c5596ef15af0a/flask-3.1.0-py3-none-any.whl", hash = "sha256:d667207822eb83f1c4b50949b1623c8fc8d51f2341d65f72e1a1815397551136", size = 102979, upload-time = "2024-11-13T18:24:36.135Z" },
]

[[package]]
name = "granian"
version = "2.6.0"
source = { registry = "https://pypi.org/simple" }
dependencies = [
    { name = "click" },
]
sdist = { url = "https://files.pythonhosted.org/packages/ea/1e/0a33c4b68b054b9d5f7963371dd06978da5f4f58f58ddcb77854018abfdb/granian-2.6.0.tar.gz", hash = "sha256:d9b773633e411c7bf51590704e608e757dab09cd452fb18971a50a7d7c439677", size = 115955, upload-time = "2025-11-16T16:07:27.082Z" }
wheels = [
    { url = "https://files.pythonhosted.org/packages/4b/b0/a7be659186bf9de644a5214c31ce337342170de71c5cb1e3ea61e1feeebe/granian-2.6.0-cp313-cp313-macosx_10_12_x86_64.whl", hash = "sha256:74f579e7295945119394dc05dd1565be1ac700f6f26c8271d8327dfabc95ec34", size = 3075590, upload-time = "2025-11-16T16:06:13.662Z" },
    { url = "https://files.pythonhosted.org/packages/5a/d8/eb55f3657d7c104f96f2d20bd459908842a954f4d95c5769c46bf485d656/granian-2.6.0-cp313-cp313-macosx_11_0_arm64.whl", hash = "sha256:f4e0e925d016e3dc43ae5950021c9ea0e9ee2ef1334a76ba7fbb80cc9e17c044", size = 2801601, upload-time = "2025-11-16T16:06:14.908Z" },
    { url = "https://files.pythonhosted.org/packages/2a/a3/45c79b3b2388a066e05ae3af171cde13540467efb0ec6404a52c12fcc449/granian-2.6.0-cp313-cp313-manylinux_2_17_armv7l.manylinux2014_armv7l.whl", hash = "sha256:6b568459abe4813e4968310312e26add3dab80c3ce5044b537ebfe464601fe9a", size = 3325246, upload-time = "2025-11-16T16:06:16.9Z" },
    { url = "https://files.pythonhosted.org/packages/2f/2c/570df011d8c53a59d945db1b8b6adedf04f43d92bfd72f4149ee60c3aeaf/granian-2.6.0-cp313-cp313-manylinux_2_17_i686.manylinux2014_i686.whl", hash = "sha256:0041ba59e4b89818db1772ea677bb619f5e3030060dcb6c57e8a17d72dc6210b", size = 3146313, upload-time = "2025-11-16T16:06:18.339Z" },
    { url = "https://files.pythonhosted.org/packages/a9/cd/8e9b183db4190fac1401eeab62669ebe35d962ba9b490c6deca421e3daa4/granian-2.6.0-cp313-cp313-manylinux_2_17_x86_64.manylinux2014_x86_64.whl", hash = "sha256:7c032dca04171e4fbd54e587fe03aeef1825739d02ff3e3c49d578a8b5cc752c", size = 3386170, upload-time = "2025-11-16T16:06:19.946Z" },
    { url = "https://files.pythonhosted.org/packages/df/c5/9ccc0d04c1cefdb4bb42f671a0c27df4f68ba872a61edc7fc3bae6077ea9/granian-2.6.0-cp313-cp313-manylinux_2_28_aarch64.whl", hash = "sha256:d5686da7358fede8e9a1e1344310c6e3cb2c4d02a1aca52c31c990fe6b7d6281", size = 3235277, upload-time = "2025-11-16T16:06:21.754Z" },
    { url = "https://files.pythonhosted.org/packages/96/7d/a082bec08c1d54ce73dd237d6da0f35633cd5f2bfd1aec2f0a2590e6782a/granian-2.6.0-cp313-cp313-musllinux_1_1_aarch64.whl", hash = "sha256:62c69bb23efe26a33ac39e4b6ca0237d84ed6d3bf47a5bb817e00a46c27369f2", size = 3302908, upload-time = "2025-11-16T16:06:22.988Z" },
    { url = "https://files.pythonhosted.org/packages/b1/2e/c8a53c92f0e98c4b36a24c03a4243b53410804f78f1876ca3ea497831381/granian-2.6.0-cp313-cp313-musllinux_1_1_armv7l.whl", hash = "sha256:2ee5087e4b876f29dd1a11e9c2dd8d864ecb207278767a33bba60975260f225d", size = 3470938, upload-time = "2025-11-16T16:06:24.666Z" },
    { url = "https://files.pythonhosted.org/packages/7a/c7/0615d97cc666c6b5c1af24abbb08c6fd536a5f3c055fd09a3cd6b178283e/granian-2.6.0-cp313-cp313-musllinux_1_1_x86_64.whl", hash = "sha256:3627b69f391a769acfad4ae26bbfce03b50c31eb5fbea18ec0a44f37c89cf0fd", size = 3479291, upload-time = "2025-11-16T16:06:25.984Z" },
    { url = "https://files.pythonhosted.org/packages/68/cc/a590cbe311fdccd7ddd02086735ed6ceb10c0e00cdf499aafde03fd47128/granian-2.6.0-cp313-cp313-win_amd64.whl", hash = "sha256:5a2e3bf928c47b02b31c4f2aa12aa99ef3e9fc9c969fd2e26284fa2f1f91eb86", size = 2346221, upload-time = "2025-11-16T16:06:27.252Z" },
    { url = "https://files.pythonhosted.org/packages/08/2c/8256710307e32cc4aff58d730f3db9e87471121725adc92d700fa0190136/granian-2.6.0-cp313-cp313t-macosx_10_12_x86_64.whl", hash = "sha256:c66877f2b2a1ad6046a228ee228ed4faa43dd4949fbe07f61d5c38ad57506e02", size = 3027712, upload-time = "2025-11-16T16:06:28.819Z" },
    { url = "https://files.pythonhosted.org/packages/63/88/bb3dc2a67f146d03ffd1b3d912c92795ecf52aa2b7ea1375735c522a5e6c/granian-2.6.0-cp313-cp313t-macosx_11_0_arm64.whl", hash = "sha256:919ccfe3273c6325c82ecb2e62b5af4d1b57fdc9858ce725b8223af2e1d6e2cd", size = 2753501, upload-time = "2025-11-16T16:06:30.267Z" },
    { url = "https://files.pythonhosted.org/packages/0d/6e/86cea4a4cd0c9adbae74d865468f298083fcefd4d9f8f8f21910078b069a/granian-2.6.0-cp313-cp313t-manylinux_2_12_i686.manylinux2010_i686.whl", hash = "sha256:7d6368281f9f1bfde53a71f67570b70df773e01329f7a113b248de453e5991c1", size = 2966948, upload-time = "2025-11-16T16:06:31.932Z" },
    { url = "https://files.pythonhosted.org/packages/e0/01/092337f9aae6cb6fb66516894a3a39d723de9ab263d3a144511d07d2ccef/granian-2.6.0-cp313-cp313t-manylinux_2_17_armv7l.manylinux2014_armv7l.whl", hash = "sha256:b3d0b7dd32a630336120c9a12e7ba7ca4e415bebd22d9735b19df593e01ffa40", size = 3317466, upload-time = "2025-11-16T16:06:33.222Z" },
    { url = "https://files.pythonhosted.org/packages/b7/60/0d3635ef8f1f73789cb1779574493668a76675ef18115826a4a2dcb415d7/granian-2.6.0-cp313-cp313t-manylinux_2_17_x86_64.manylinux2014_x86_64.whl", hash = "sha256:acb18fca86ff560ea5a3bf9dc342245e388409844c257d1125ff9a988c81080b", size = 3273204, upload-time = "2025-11-16T16:06:34.513Z" },
    { url = "https://files.pythonhosted.org/packages/f3/26/09bc5016ae7faac0af40a07934d4d4d41f9e5bd7e97560aac957f7aa9605/granian-2.6.0-cp313-cp313t-manylinux_2_28_aarch64.whl", hash = "sha256:3606f13ba2fd9afde1d879ef556afcccd17b55c57a9f6be8487626867fe94a20", size = 3107339, upload-time = "2025-11-16T16:06:36.121Z" },
    { url = "https://files.pythonhosted.org/packages/c6/cb/91a13e42965a3e20a4c7398c63843cac9ca1a1c36925bd3ff69e6c17775f/granian-2.6.0-cp313-cp313t-musllinux_1_1_aarch64.whl", hash = "sha256:ca8188119daba0a343d2736dd4ed4d8d71ca5c0ca016a3f93599710906aa036f", size = 3298057, upload-time = "2025-11-16T16:06:37.567Z" },
    { url = "https://files.pythonhosted.org/packages/23/8b/19bb0f679b74ddb58e1c6de2e4c85ba986b2040d7446fd7e5a498e5a67cf/granian-2.6.0-cp313-cp313t-musllinux_1_1_armv7l.whl", hash = "sha256:6ac9d479d4795ab9c7222829d220636250ee034d266ad89a9657b64fb6770b93", size = 3465623, upload-time = "2025-11-16T16:06:39.144Z" },
    { url = "https://files.pythonhosted.org/packages/41/25/4af1f3e0cfea237912d04d57e97193d350b06f93255bde16040780e75589/granian-2.6.0-cp313-cp313t-musllinux_1_1_x86_64.whl", hash = "sha256:b8cc3635676639c1c6fc336571e7cdd4d4f0be6e05c33ae06721a570b346ce21", size = 3476874, upload-time = "2025-11-16T16:06:40.868Z" },
    { url = "https://files.pythonhosted.org/packages/bc/39/0163fbc335bbe3531b4151a6a8b80174375fdfbf3e2cb69da00e0bba1c9f/granian-2.6.0-cp313-cp313t-win_amd64.whl", hash = "sha256:91fb08e02598a0059cd1cc1f807c085f2bc386c0deb370f216edadf75adee8b8", size = 2345083, upload-time = "2025-11-16T16:06:42.19Z" },
    { url = "https://files.pythonhosted.org/packages/bb/53/9ed1a1f710a78eaad2897b9264bb6ae1190dc251af463b87be41f1963dfe/granian-2.6.0-cp314-cp314-macosx_10_12_x86_64.whl", hash = "sha256:cba1d4ac5b101c41fa916fb1ca5d5c359892b63d1470a9587055605c68850df8", size = 3072924, upload-time = "2025-11-16T16:06:43.949Z" },
    { url = "https://files.pythonhosted.org/packages/b1/58/8fa09896c88937a95b92185a1377b09f7cd1b8ac1e0f06a251e02ce96164/granian-2.6.0-cp314-cp314-macosx_11_0_arm64.whl", hash = "sha256:2c829ece96a49d431c01553e0c020a675624798659c74e3d800867a415376fef", size = 2800675, upload-time = "2025-11-16T16:06:45.831Z" },
    { url = "https://files.pythonhosted.org/packages/4f/53/779e15fb6372cf00d2c66f392d754e0816bf0597e8346459c22bde9de219/granian-2.6.0-cp314-cp314-manylinux_2_17_armv7l.manylinux2014_armv7l.whl", hash = "sha256:637153b653a85e1bb0cba2e10e321e2cbb1af1e9abab0feafd34eb612fe3fcdd", size = 3323029, upload-time = "2025-11-16T16:06:47.682Z" },
    { url = "https://files.pythonhosted.org/packages/32/ad/3af7388f51b4df3a781ecfc6f1ec18331ec74ea413fb2c62fe24c65e7935/granian-2.6.0-cp314-cp314-manylinux_2_17_i686.manylinux2014_i686.whl", hash = "sha256:b6c09792ca3807059ef8e58a7c7bc5620586414f03ebd4bb2e6cd044044f0165", size = 3142617, upload-time = "2025-11-16T16:06:48.964Z" },
    { url = "https://files.pythonhosted.org/packages/4c/4d/6a7766fd9fe09f3f887c2168d5607cc2eb2ee9fe5c9364a877942c05de41/granian-2.6.0-cp314-cp314-manylinux_2_17_x86_64.manylinux2014_x86_64.whl", hash = "sha256:79e2f68d99f454d1c51aacc86bed346693c074f27c51fb19b8afe5dc375e1b70", size = 3383669, upload-time = "2025-11-16T16:06:50.363Z" },
    { url = "https://files.pythonhosted.org/packages/b8/1c/b4bbdcd6bbe9c3290a2ac76eac3ae8916fdb38269f9f981e5b933ff02664/granian-2.6.0-cp314-cp314-manylinux_2_28_aarch64.whl", hash = "sha256:995f7b496b16484c97e8da9f44ead66307d6f532135a9890b0d27c88b8232df3", size = 3233040, upload-time = "2025-11-16T16:06:52.787Z" },
    { url = "https://files.pythonhosted.org/packages/75/26/ca7afabab2b31101eabc78df26772bd679e0a2bc879c58e8fcbb9732d57e/granian-2.6.0-cp314-cp314-musllinux_1_1_aarch64.whl", hash = "sha256:6d5db194527d52183b2dc17be9d68c59647bc66459c01a960407d446aa686c98", size = 3302090, upload-time = "2025-11-16T16:06:54.112Z" },
    { url = "https://files.pythonhosted.org/packages/e8/3b/3e6992ac60f8d2e7f6eb5ae7845ba8f77d9373379e7d8ec7dbdfac89c00b/granian-2.6.0-cp314-cp314-musllinux_1_1_armv7l.whl", hash = "sha256:c9fd40f3db242eece303ab4e9da4c7c398c865d628d58ff747680c54775ea9e4", size = 3469619, upload-time = "2025-11-16T16:06:55.488Z" },
    { url = "https://files.pythonhosted.org/packages/5d/96/8e78858630d7ca51751502c323f22841a56847db827a73d946a9303108c1/granian-2.6.0-cp314-cp314-musllinux_1_1_x86_64.whl", hash = "sha256:99dfa23b29e6a4f8cc2ec9b55946746f94ce305e474defef5c3c0e496471821e", size = 3479330, upload-time = "2025-11-16T16:06:56.989Z" },
    { url = "https://files.pythonhosted.org/packages/41/c1/2ea5fa5e28a9b400549494ce091dfb1a6122893b318c3fbc4cf7693cc398/granian-2.6.0-cp314-cp314-win_amd64.whl", hash = "sha256:22138a906503cb62cc25e26baa6d9e424ae26f9b46d7f852126d0a92fd9b3194", size = 2345011, upload-time = "2025-11-16T16:06:58.745Z" },
    { url = "https://files.pythonhosted.org/packages/5a/5c/5770f1270c2e59b7d27e25792ed62f3164b8b962ccf19b4a351429fd34fe/granian-2.6.0-cp314-cp314t-macosx_10_12_x86_64.whl", hash = "sha256:a8b356e8d96481c0fa67c2646a516b1f8985171995c0a40c5548352b75cae513", size = 3026090, upload-time = "2025-11-16T16:07:00.105Z" },
    { url = "https://files.pythonhosted.org/packages/28/89/85b40c55ddd270a31e047b368b4d82f32c0f6388511a0affcf6c8459821b/granian-2.6.0-cp314-cp314t-macosx_11_0_arm64.whl", hash = "sha256:f026d7a2f1395b02cba2b59613edfd463d9ef43aae33b3c5e41f2ac8d0752507", size = 2752890, upload-time = "2025-11-16T16:07:01.507Z" },
    { url = "https://files.pythonhosted.org/packages/bf/4e/369700caefaad0526fc36d43510e9274f430a5bdeea54b97f907e2dd387d/granian-2.6.0-cp314-cp314t-manylinux_2_12_i686.manylinux2010_i686.whl", hash = "sha256:15c888605406c9b29b7da8e3afa0ce31dabad7d446cf42a2033d1f184e280ef3", size = 2965483, upload-time = "2025-11-16T16:07:02.836Z" },
    { url = "https://files.pythonhosted.org/packages/75/47/d6d95615b94a8bac94efca7a634cb3160fb7cd3235039e4d1708e0399453/granian-2.6.0-cp314-cp314t-manylinux_2_17_armv7l.manylinux2014_armv7l.whl", hash = "sha256:d9ce9ff8d4d9da73eb2e90c72eae986f823ab46b2c8c7ee091ec06e3c835a94e", size = 3313071, upload-time = "2025-11-16T16:07:04.128Z" },
    { url = "https://files.pythonhosted.org/packages/6a/76/f9098765797adfc142d503ee8a18fe137324558a028db6322753d88305d9/granian-2.6.0-cp314-cp314t-manylinux_2_17_x86_64.manylinux2014_x86_64.whl", hash = "sha256:681f44fa950b50721250536477b068315322c447f60b6a7018a9d61385202d67", size = 3271503, upload-time = "2025-11-16T16:07:05.482Z" },
    { url = "https://files.pythonhosted.org/packages/7f/f9/55be32f079af772054284aa917eb7bd77f1f8ba840f0773db9ac47279149/granian-2.6.0-cp314-cp314t-manylinux_2_28_aarch64.whl", hash = "sha256:cf23f25826e7c87c2cd9d984a358c14106d589febcd71af0f5392bb65fafb07a", size = 3106398, upload-time = "2025-11-16T16:07:07.396Z" },
    { url = "https://files.pythonhosted.org/packages/79/ab/e63f54a8432b2b877d83c5f2921a54791a420685002854dc7005bbd48817/granian-2.6.0-cp314-cp314t-musllinux_1_1_aarch64.whl", hash = "sha256:559985641cc1f0497f2c35d75126214f9cf9286ec6cea083fb1d0324712dbc47", size = 3296156, upload-time = "2025-11-16T16:07:08.858Z" },
    { url = "https://files.pythonhosted.org/packages/ef/3c/a37c038be10441a27cfde65a64c4406556ee64ab5deba4a782eaaa5ce7cf/granian-2.6.0-cp314-cp314t-musllinux_1_1_armv7l.whl", hash = "sha256:98718c08713d4afdf0e444f6236eeac6d01fdf08d0587f3c15da37fd12ee03f6", size = 3460301, upload-time = "2025-11-16T16:07:10.476Z" },
    { url = "https://files.pythonhosted.org/packages/44/05/bcc03661028df91808440f24ae9923cda4fc53938c6bb85a87e3d47540a5/granian-2.6.0-cp314-cp314t-musllinux_1_1_x86_64.whl", hash = "sha256:c115726904be2186b1e621a2b4a292f8d0ccc4b0f41ac89dcbe4b50cbaa67414", size = 3474889, upload-time = "2025-11-16T16:07:11.873Z" },
    { url = "https://files.pythonhosted.org/packages/fa/e2/69a3263a7415993c46561521de93213d2c7e04f2675b627a14c6dd69334c/granian-2.6.0-cp314-cp314t-win_amd64.whl", hash = "sha256:5bf42d8b4240f95a0edd227175161c0c93d465d6b8bb23abd65c2b82c37cfc44", size = 2344006, upload-time = "2025-11-16T16:07:13.314Z" },
]

[[package]]
name = "iniconfig"
version = "2.1.0"
source = { registry = "https://pypi.org/simple" }
sdist = { url = "https://files.pythonhosted.org/packages/f2/97/ebf4da567aa6827c909642694d71c9fcf53e5b504f2d96afea02718862f3/iniconfig-2.1.0.tar.gz", hash = "sha256:3abbd2e30b36733fee78f9c7f7308f2d0050e88f0087fd25c2645f63c773e1c7", size = 4793, upload-time = "2025-03-19T20:09:59.721Z" }
wheels = [
    { url = "https://files.pythonhosted.org/packages/2c/e1/e6716421ea10d38022b952c159d5161ca1193197fb744506875fbb87ea7b/iniconfig-2.1.0-py3-none-any.whl", hash = "sha256:9deba5723312380e77435581c6bf4935c94cbfab9b1ed33ef8d238ea168eb760", size = 6050, upload-time = "2025-03-19T20:10:01.071Z" },
]

[[package]]
name = "itsdangerous"
version = "2.2.0"
source = { registry = "https://pypi.org/simple" }
sdist = { url = "https://files.pythonhosted.org/packages/9c/cb/8ac0172223afbccb63986cc25049b154ecfb5e85932587206f42317be31d/itsdangerous-2.2.0.tar.gz", hash = "sha256:e0050c0b7da1eea53ffaf149c0cfbb5c6e2e2b69c4bef22c81fa6eb73e5f6173", size = 54410, upload-time = "2024-04-16T21:28:15.614Z" }
wheels = [
    { url = "https://files.pythonhosted.org/packages/04/96/92447566d16df59b2a776c0fb82dbc4d9e07cd95062562af01e408583fc4/itsdangerous-2.2.0-py3-none-any.whl", hash = "sha256:c6242fc49e35958c8b15141343aa660db5fc54d4f13a1db01a3f5891b98700ef", size = 16234, upload-time = "2024-04-16T21:28:14.499Z" },
]

[[package]]
name = "jinja2"
version = "3.1.6"
source = { registry = "https://pypi.org/simple" }
dependencies = [
    { name = "markupsafe" },
]
sdist = { url = "https://files.pythonhosted.org/packages/df/bf/f7da0350254c0ed7c72f3e33cef02e048281fec7ecec5f032d4aac52226b/jinja2-3.1.6.tar.gz", hash = "sha256:0137fb05990d35f1275a587e9aee6d56da821fc83491a0fb838183be43f66d6d", size = 245115, upload-time = "2025-03-05T20:05:02.478Z" }
wheels = [
    { url = "https://files.pythonhosted.org/packages/62/a1/3d680cbfd5f4b8f15abc1d571870c5fc3e594bb582bc3b64ea099db13e56/jinja2-3.1.6-py3-none-any.whl", hash = "sha256:85ece4451f492d0c13c5dd7c13a64681a86afae63a5f347908daf103ce6d2f67", size = 134899, upload-time = "2025-03-05T20:05:00.369Z" },
]

[[package]]
name = "markupsafe"
version = "3.0.2"
source = { registry = "https://pypi.org/simple" }
sdist = { url = "https://files.pythonhosted.org/packages/b2/97/5d42485e71dfc078108a86d6de8fa46db44a1a9295e89c5d6d4a06e23a62/markupsafe-3.0.2.tar.gz", hash = "sha256:ee55d3edf80167e48ea11a923c7386f4669df67d7994554387f84e7d8b0a2bf0", size = 20537, upload-time = "2024-10-18T15:21:54.129Z" }
wheels = [
    { url = "https://files.pythonhosted.org/packages/83/0e/67eb10a7ecc77a0c2bbe2b0235765b98d164d81600746914bebada795e97/MarkupSafe-3.0.2-cp313-cp313-macosx_10_13_universal2.whl", hash = "sha256:ba9527cdd4c926ed0760bc301f6728ef34d841f405abf9d4f959c478421e4efd", size = 14274, upload-time = "2024-10-18T15:21:24.577Z" },
    { url = "https://files.pythonhosted.org/packages/2b/6d/9409f3684d3335375d04e5f05744dfe7e9f120062c9857df4ab490a1031a/MarkupSafe-3.0.2-cp313-cp313-macosx_11_0_arm64.whl", hash = "sha256:f8b3d067f2e40fe93e1ccdd6b2e1d16c43140e76f02fb1319a05cf2b79d99430", size = 12352, upload-time = "2024-10-18T15:21:25.382Z" },
    { url = "https://files.pythonhosted.org/packages/d2/f5/6eadfcd3885ea85fe2a7c128315cc1bb7241e1987443d78c8fe712d03091/MarkupSafe-3.0.2-cp313-cp313-manylinux_2_17_aarch64.manylinux2014_aarch64.whl", hash = "sha256:569511d3b58c8791ab4c2e1285575265991e6d8f8700c7be0e88f86cb0672094", size = 24122, upload-time = "2024-10-18T15:21:26.199Z" },
    { url = "https://files.pythonhosted.org/packages/0c/91/96cf928db8236f1bfab6ce15ad070dfdd02ed88261c2afafd4b43575e9e9/MarkupSafe-3.0.2-cp313-cp313-manylinux_2_17_x86_64.manylinux2014_x86_64.whl", hash = "sha256:15ab75ef81add55874e7ab7055e9c397312385bd9ced94920f2802310c930396", size = 23085, upload-time = "2024-10-18T15:21:27.029Z" },
    { url = "https://files.pythonhosted.org/packages/c2/cf/c9d56af24d56ea04daae7ac0940232d31d5a8354f2b457c6d856b2057d69/MarkupSafe-3.0.2-cp313-cp313-manylinux_2_5_i686.manylinux1_i686.manylinux_2_17_i686.manylinux2014_i686.whl", hash = "sha256:f3818cb119498c0678015754eba762e0d61e5b52d34c8b13d770f0719f7b1d79", size = 22978, upload-time = "2024-10-18T15:21:27.846Z" },
    { url = "https://files.pythonhosted.org/packages/2a/9f/8619835cd6a711d6272d62abb78c033bda638fdc54c4e7f4272cf1c0962b/MarkupSafe-3.0.2-cp313-cp313-musllinux_1_2_aarch64.whl", hash = "sha256:cdb82a876c47801bb54a690c5ae105a46b392ac6099881cdfb9f6e95e4014c6a", size = 24208, upload-time = "2024-10-18T15:21:28.744Z" },
    { url = "https://files.pythonhosted.org/packages/f9/bf/176950a1792b2cd2102b8ffeb5133e1ed984547b75db47c25a67d3359f77/MarkupSafe-3.0.2-cp313-cp313-musllinux_1_2_i686.whl", hash = "sha256:cabc348d87e913db6ab4aa100f01b08f481097838bdddf7c7a84b7575b7309ca", size = 23357, upload-time = "2024-10-18T15:21:29.545Z" },
    { url = "https://files.pythonhosted.org/packages/ce/4f/9a02c1d335caabe5c4efb90e1b6e8ee944aa245c1aaaab8e8a618987d816/MarkupSafe-3.0.2-cp313-cp313-musllinux_1_2_x86_64.whl", hash = "sha256:444dcda765c8a838eaae23112db52f1efaf750daddb2d9ca300bcae1039adc5c", size = 23344, upload-time = "2024-10-18T15:21:30.366Z" },
    { url = "https://files.pythonhosted.org/packages/ee/55/c271b57db36f748f0e04a759ace9f8f759ccf22b4960c270c78a394f58be/MarkupSafe-3.0.2-cp313-cp313-win32.whl", hash = "sha256:bcf3e58998965654fdaff38e58584d8937aa3096ab5354d493c77d1fdd66d7a1", size = 15101, upload-time = "2024-10-18T15:21:31.207Z" },
    { url = "https://files.pythonhosted.org/packages/29/88/07df22d2dd4df40aba9f3e402e6dc1b8ee86297dddbad4872bd5e7b0094f/MarkupSafe-3.0.2-cp313-cp313-win_amd64.whl", hash = "sha256:e6a2a455bd412959b57a172ce6328d2dd1f01cb2135efda2e4576e8a23fa3b0f", size = 15603, upload-time = "2024-10-18T15:21:32.032Z" },
    { url = "https://files.pythonhosted.org/packages/62/6a/8b89d24db2d32d433dffcd6a8779159da109842434f1dd2f6e71f32f738c/MarkupSafe-3.0.2-cp313-cp313t-macosx_10_13_universal2.whl", hash = "sha256:b5a6b3ada725cea8a5e634536b1b01c30bcdcd7f9c6fff4151548d5bf6b3a36c", size = 14510, upload-time = "2024-10-18T15:21:33.625Z" },
    { url = "https://files.pythonhosted.org/packages/7a/06/a10f955f70a2e5a9bf78d11a161029d278eeacbd35ef806c3fd17b13060d/MarkupSafe-3.0.2-cp313-cp313t-macosx_11_0_arm64.whl", hash = "sha256:a904af0a6162c73e3edcb969eeeb53a63ceeb5d8cf642fade7d39e7963a22ddb", size = 12486, upload-time = "2024-10-18T15:21:34.611Z" },
    { url = "https://files.pythonhosted.org/packages/34/cf/65d4a571869a1a9078198ca28f39fba5fbb910f952f9dbc5220afff9f5e6/MarkupSafe-3.0.2-cp313-cp313t-manylinux_2_17_aarch64.manylinux2014_aarch64.whl", hash = "sha256:4aa4e5faecf353ed117801a068ebab7b7e09ffb6e1d5e412dc852e0da018126c", size = 25480, upload-time = "2024-10-18T15:21:35.398Z" },
    { url = "https://files.pythonhosted.org/packages/0c/e3/90e9651924c430b885468b56b3d597cabf6d72be4b24a0acd1fa0e12af67/MarkupSafe-3.0.2-cp313-cp313t-manylinux_2_17_x86_64.manylinux2014_x86_64.whl", hash = "sha256:c0ef13eaeee5b615fb07c9a7dadb38eac06a0608b41570d8ade51c56539e509d", size = 23914, upload-time = "2024-10-18T15:21:36.231Z" },
    { url = "https://files.pythonhosted.org/packages/66/8c/6c7cf61f95d63bb866db39085150df1f2a5bd3335298f14a66b48e92659c/MarkupSafe-3.0.2-cp313-cp313t-manylinux_2_5_i686.manylinux1_i686.manylinux_2_17_i686.manylinux2014_i686.whl", hash = "sha256:d16a81a06776313e817c951135cf7340a3e91e8c1ff2fac444cfd75fffa04afe", size = 23796, upload-time = "2024-10-18T15:21:37.073Z" },
    { url = "https://files.pythonhosted.org/packages/bb/35/cbe9238ec3f47ac9a7c8b3df7a808e7cb50fe149dc7039f5f454b3fba218/MarkupSafe-3.0.2-cp313-cp313t-musllinux_1_2_aarch64.whl", hash = "sha256:6381026f158fdb7c72a168278597a5e3a5222e83ea18f543112b2662a9b699c5", size = 25473, upload-time = "2024-10-18T15:21:37.932Z" },
    { url = "https://files.pythonhosted.org/packages/e6/32/7621a4382488aa283cc05e8984a9c219abad3bca087be9ec77e89939ded9/MarkupSafe-3.0.2-cp313-cp313t-musllinux_1_2_i686.whl", hash = "sha256:3d79d162e7be8f996986c064d1c7c817f6df3a77fe3d6859f6f9e7be4b8c213a", size = 24114, upload-time = "2024-10-18T15:21:39.799Z" },
    { url = "https://files.pythonhosted.org/packages/0d/80/0985960e4b89922cb5a0bac0ed39c5b96cbc1a536a99f30e8c220a996ed9/MarkupSafe-3.0.2-cp313-cp313t-musllinux_1_2_x86_64.whl", hash = "sha256:131a3c7689c85f5ad20f9f6fb1b866f402c445b220c19fe4308c0b147ccd2ad9", size = 24098, upload-time = "2024-10-18T15:21:40.813Z" },
    { url = "https://files.pythonhosted.org/packages/82/78/fedb03c7d5380df2427038ec8d973587e90561b2d90cd472ce9254cf348b/MarkupSafe-3.0.2-cp313-cp313t-win32.whl", hash = "sha256:ba8062ed2cf21c07a9e295d5b8a2a5ce678b913b45fdf68c32d95d6c1291e0b6", size = 15208, upload-time = "2024-10-18T15:21:41.814Z" },
    { url = "https://files.pythonhosted.org/packages/4f/65/6079a46068dfceaeabb5dcad6d674f5f5c61a6fa5673746f42a9f4c233b3/MarkupSafe-3.0.2-cp313-cp313t-win_amd64.whl", hash = "sha256:e444a31f8db13eb18ada366ab3cf45fd4b31e4db1236a4448f68778c1d1a5a2f", size = 15739, upload-time = "2024-10-18T15:21:42.784Z" },
]

[[package]]
name = "mypy"
version = "1.16.1"
source = { registry = "https://pypi.org/simple" }
dependencies = [
    { name = "mypy-extensions" },
    { name = "pathspec" },
    { name = "typing-extensions" },
]
sdist = { url = "https://files.pythonhosted.org/packages/81/69/92c7fa98112e4d9eb075a239caa4ef4649ad7d441545ccffbd5e34607cbb/mypy-1.16.1.tar.gz", hash = "sha256:6bd00a0a2094841c5e47e7374bb42b83d64c527a502e3334e1173a0c24437bab", size = 3324747, upload-time = "2025-06-16T16:51:35.145Z" }
wheels = [
    { url = "https://files.pythonhosted.org/packages/28/e3/96964af4a75a949e67df4b95318fe2b7427ac8189bbc3ef28f92a1c5bc56/mypy-1.16.1-cp313-cp313-macosx_10_13_x86_64.whl", hash = "sha256:ddc91eb318c8751c69ddb200a5937f1232ee8efb4e64e9f4bc475a33719de438", size = 11063480, upload-time = "2025-06-16T16:47:56.205Z" },
    { url = "https://files.pythonhosted.org/packages/f5/4d/cd1a42b8e5be278fab7010fb289d9307a63e07153f0ae1510a3d7b703193/mypy-1.16.1-cp313-cp313-macosx_11_0_arm64.whl", hash = "sha256:87ff2c13d58bdc4bbe7dc0dedfe622c0f04e2cb2a492269f3b418df2de05c536", size = 10090538, upload-time = "2025-06-16T16:46:43.92Z" },
    { url = "https://files.pythonhosted.org/packages/c9/4f/c3c6b4b66374b5f68bab07c8cabd63a049ff69796b844bc759a0ca99bb2a/mypy-1.16.1-cp313-cp313-manylinux_2_17_aarch64.manylinux2014_aarch64.manylinux_2_28_aarch64.whl", hash = "sha256:0a7cfb0fe29fe5a9841b7c8ee6dffb52382c45acdf68f032145b75620acfbd6f", size = 11836839, upload-time = "2025-06-16T16:36:28.039Z" },
    { url = "https://files.pythonhosted.org/packages/b4/7e/81ca3b074021ad9775e5cb97ebe0089c0f13684b066a750b7dc208438403/mypy-1.16.1-cp313-cp313-manylinux_2_17_x86_64.manylinux2014_x86_64.manylinux_2_28_x86_64.whl", hash = "sha256:051e1677689c9d9578b9c7f4d206d763f9bbd95723cd1416fad50db49d52f359", size = 12715634, upload-time = "2025-06-16T16:50:34.441Z" },
    { url = "https://files.pythonhosted.org/packages/e9/95/bdd40c8be346fa4c70edb4081d727a54d0a05382d84966869738cfa8a497/mypy-1.16.1-cp313-cp313-musllinux_1_2_x86_64.whl", hash = "sha256:d5d2309511cc56c021b4b4e462907c2b12f669b2dbeb68300110ec27723971be", size = 12895584, upload-time = "2025-06-16T16:34:54.857Z" },
    { url = "https://files.pythonhosted.org/packages/5a/fd/d486a0827a1c597b3b48b1bdef47228a6e9ee8102ab8c28f944cb83b65dc/mypy-1.16.1-cp313-cp313-win_amd64.whl", hash = "sha256:4f58ac32771341e38a853c5d0ec0dfe27e18e27da9cdb8bbc882d2249c71a3ee", size = 9573886, upload-time = "2025-06-16T16:36:43.589Z" },
    { url = "https://files.pythonhosted.org/packages/cf/d3/53e684e78e07c1a2bf7105715e5edd09ce951fc3f47cf9ed095ec1b7a037/mypy-1.16.1-py3-none-any.whl", hash = "sha256:5fc2ac4027d0ef28d6ba69a0343737a23c4d1b83672bf38d1fe237bdc0643b37", size = 2265923, upload-time = "2025-06-16T16:48:02.366Z" },
]

[[package]]
name = "mypy-extensions"
version = "1.1.0"
source = { registry = "https://pypi.org/simple" }
sdist = { url = "https://files.pythonhosted.org/packages/a2/6e/371856a3fb9d31ca8dac321cda606860fa4548858c0cc45d9d1d4ca2628b/mypy_extensions-1.1.0.tar.gz", hash = "sha256:52e68efc3284861e772bbcd66823fde5ae21fd2fdb51c62a211403730b916558", size = 6343, upload-time = "2025-04-22T14:54:24.164Z" }
wheels = [
    { url = "https://files.pythonhosted.org/packages/79/7b/2c79738432f5c924bef5071f933bcc9efd0473bac3b4aa584a6f7c1c8df8/mypy_extensions-1.1.0-py3-none-any.whl", hash = "sha256:1be4cccdb0f2482337c4743e60421de3a356cd97508abadd57d47403e94f5505", size = 4963, upload-time = "2025-04-22T14:54:22.983Z" },
]

[[package]]
name = "packaging"
version = "25.0"
source = { registry = "https://pypi.org/simple" }
sdist = { url = "https://files.pythonhosted.org/packages/a1/d4/1fc4078c65507b51b96ca8f8c3ba19e6a61c8253c72794544580a7b6c24d/packaging-25.0.tar.gz", hash = "sha256:d443872c98d677bf60f6a1f2f8c1cb748e8fe762d2bf9d3148b5599295b0fc4f", size = 165727, upload-time = "2025-04-19T11:48:59.673Z" }
wheels = [
    { url = "https://files.pythonhosted.org/packages/20/12/38679034af332785aac8774540895e234f4d07f7545804097de4b666afd8/packaging-25.0-py3-none-any.whl", hash = "sha256:29572ef2b1f17581046b3a2227d5c611fb25ec70ca1ba8554b24b0e69331a484", size = 66469, upload-time = "2025-04-19T11:48:57.875Z" },
]

[[package]]
name = "pathspec"
version = "0.12.1"
source = { registry = "https://pypi.org/simple" }
sdist = { url = "https://files.pythonhosted.org/packages/ca/bc/f35b8446f4531a7cb215605d100cd88b7ac6f44ab3fc94870c120ab3adbf/pathspec-0.12.1.tar.gz", hash = "sha256:a482d51503a1ab33b1c67a6c3813a26953dbdc71c31dacaef9a838c4e29f5712", size = 51043, upload-time = "2023-12-10T22:30:45Z" }
wheels = [
    { url = "https://files.pythonhosted.org/packages/cc/20/ff623b09d963f88bfde16306a54e12ee5ea43e9b597108672ff3a408aad6/pathspec-0.12.1-py3-none-any.whl", hash = "sha256:a0d503e138a4c123b27490a4f7beda6a01c6f288df0e4a8b79c7eb0dc7b4cc08", size = 31191, upload-time = "2023-12-10T22:30:43.14Z" },
]

[[package]]
name = "pluggy"
version = "1.5.0"
source = { registry = "https://pypi.org/simple" }
sdist = { url = "https://files.pythonhosted.org/packages/96/2d/02d4312c973c6050a18b314a5ad0b3210edb65a906f868e31c111dede4a6/pluggy-1.5.0.tar.gz", hash = "sha256:2cffa88e94fdc978c4c574f15f9e59b7f4201d439195c3715ca9e2486f1d0cf1", size = 67955, upload-time = "2024-04-20T21:34:42.531Z" }
wheels = [
    { url = "https://files.pythonhosted.org/packages/88/5f/e351af9a41f866ac3f1fac4ca0613908d9a41741cfcf2228f4ad853b697d/pluggy-1.5.0-py3-none-any.whl", hash = "sha256:44e1ad92c8ca002de6377e165f3e0f1be63266ab4d554740532335b9d75ea669", size = 20556, upload-time = "2024-04-20T21:34:40.434Z" },
]

[[package]]
name = "pyhtml-enhanced"
version = "2.2.4"
source = { registry = "https://pypi.org/simple" }
dependencies = [
    { name = "typing-extensions" },
]
sdist = { url = "https://files.pythonhosted.org/packages/5a/b7/ff35fa089f8586b14aad134e796e59e781df9420161cb058a1f6e683c9f5/pyhtml_enhanced-2.2.4.tar.gz", hash = "sha256:5ed41d966e03ddc978420f3d69f9419e55166672fe5e73d3238af15b65e4e930", size = 33055, upload-time = "2025-04-06T11:36:32.986Z" }
wheels = [
    { url = "https://files.pythonhosted.org/packages/00/49/8350b590d72ed762aea219df16af1c13dd5fec55e0a554ab8b6aacd39e94/pyhtml_enhanced-2.2.4-py3-none-any.whl", hash = "sha256:3114a25c2b0ff50a8fc531c343d95bdd199153578d38a3d985cb73933966f5c4", size = 38297, upload-time = "2025-04-06T11:36:31.659Z" },
]

[[package]]
name = "pytest"
version = "8.3.5"
source = { registry = "https://pypi.org/simple" }
dependencies = [
    { name = "colorama", marker = "sys_platform == 'win32'" },
    { name = "iniconfig" },
    { name = "packaging" },
    { name = "pluggy" },
]
sdist = { url = "https://files.pythonhosted.org/packages/ae/3c/c9d525a414d506893f0cd8a8d0de7706446213181570cdbd766691164e40/pytest-8.3.5.tar.gz", hash = "sha256:f4efe70cc14e511565ac476b57c279e12a855b11f48f212af1080ef2263d3845", size = 1450891, upload-time = "2025-03-02T12:54:54.503Z" }
wheels = [
    { url = "https://files.pythonhosted.org/packages/30/3d/64ad57c803f1fa1e963a7946b6e0fea4a70df53c1a7fed304586539c2bac/pytest-8.3.5-py3-none-any.whl", hash = "sha256:c69214aa47deac29fad6c2a4f590b9c4a9fdb16a403176fe154b79c0b4d4d820", size = 343634, upload-time = "2025-03-02T12:54:52.069Z" },
]

[[package]]
name = "ruff"
version = "0.12.3"
source = { registry = "https://pypi.org/simple" }
sdist = { url = "https://files.pythonhosted.org/packages/c3/2a/43955b530c49684d3c38fcda18c43caf91e99204c2a065552528e0552d4f/ruff-0.12.3.tar.gz", hash = "sha256:f1b5a4b6668fd7b7ea3697d8d98857390b40c1320a63a178eee6be0899ea2d77", size = 4459341, upload-time = "2025-07-11T13:21:16.086Z" }
wheels = [
    { url = "https://files.pythonhosted.org/packages/e2/fd/b44c5115539de0d598d75232a1cc7201430b6891808df111b8b0506aae43/ruff-0.12.3-py3-none-linux_armv6l.whl", hash = "sha256:47552138f7206454eaf0c4fe827e546e9ddac62c2a3d2585ca54d29a890137a2", size = 10430499, upload-time = "2025-07-11T13:20:26.321Z" },
    { url = "https://files.pythonhosted.org/packages/43/c5/9eba4f337970d7f639a37077be067e4ec80a2ad359e4cc6c5b56805cbc66/ruff-0.12.3-py3-none-macosx_10_12_x86_64.whl", hash = "sha256:0a9153b000c6fe169bb307f5bd1b691221c4286c133407b8827c406a55282041", size = 11213413, upload-time = "2025-07-11T13:20:30.017Z" },
    { url = "https://files.pythonhosted.org/packages/e2/2c/fac3016236cf1fe0bdc8e5de4f24c76ce53c6dd9b5f350d902549b7719b2/ruff-0.12.3-py3-none-macosx_11_0_arm64.whl", hash = "sha256:fa6b24600cf3b750e48ddb6057e901dd5b9aa426e316addb2a1af185a7509882", size = 10586941, upload-time = "2025-07-11T13:20:33.046Z" },
    { url = "https://files.pythonhosted.org/packages/c5/0f/41fec224e9dfa49a139f0b402ad6f5d53696ba1800e0f77b279d55210ca9/ruff-0.12.3-py3-none-manylinux_2_17_aarch64.manylinux2014_aarch64.whl", hash = "sha256:e2506961bf6ead54887ba3562604d69cb430f59b42133d36976421bc8bd45901", size = 10783001, upload-time = "2025-07-11T13:20:35.534Z" },
    { url = "https://files.pythonhosted.org/packages/0d/ca/dd64a9ce56d9ed6cad109606ac014860b1c217c883e93bf61536400ba107/ruff-0.12.3-py3-none-manylinux_2_17_armv7l.manylinux2014_armv7l.whl", hash = "sha256:c4faaff1f90cea9d3033cbbcdf1acf5d7fb11d8180758feb31337391691f3df0", size = 10269641, upload-time = "2025-07-11T13:20:38.459Z" },
    { url = "https://files.pythonhosted.org/packages/63/5c/2be545034c6bd5ce5bb740ced3e7014d7916f4c445974be11d2a406d5088/ruff-0.12.3-py3-none-manylinux_2_17_i686.manylinux2014_i686.whl", hash = "sha256:40dced4a79d7c264389de1c59467d5d5cefd79e7e06d1dfa2c75497b5269a5a6", size = 11875059, upload-time = "2025-07-11T13:20:41.517Z" },
    { url = "https://files.pythonhosted.org/packages/8e/d4/a74ef1e801ceb5855e9527dae105eaff136afcb9cc4d2056d44feb0e4792/ruff-0.12.3-py3-none-manylinux_2_17_ppc64.manylinux2014_ppc64.whl", hash = "sha256:0262d50ba2767ed0fe212aa7e62112a1dcbfd46b858c5bf7bbd11f326998bafc", size = 12658890, upload-time = "2025-07-11T13:20:44.442Z" },
    { url = "https://files.pythonhosted.org/packages/13/c8/1057916416de02e6d7c9bcd550868a49b72df94e3cca0aeb77457dcd9644/ruff-0.12.3-py3-none-manylinux_2_17_ppc64le.manylinux2014_ppc64le.whl", hash = "sha256:12371aec33e1a3758597c5c631bae9a5286f3c963bdfb4d17acdd2d395406687", size = 12232008, upload-time = "2025-07-11T13:20:47.374Z" },
    { url = "https://files.pythonhosted.org/packages/f5/59/4f7c130cc25220392051fadfe15f63ed70001487eca21d1796db46cbcc04/ruff-0.12.3-py3-none-manylinux_2_17_s390x.manylinux2014_s390x.whl", hash = "sha256:560f13b6baa49785665276c963edc363f8ad4b4fc910a883e2625bdb14a83a9e", size = 11499096, upload-time = "2025-07-11T13:20:50.348Z" },
    { url = "https://files.pythonhosted.org/packages/d4/01/a0ad24a5d2ed6be03a312e30d32d4e3904bfdbc1cdbe63c47be9d0e82c79/ruff-0.12.3-py3-none-manylinux_2_17_x86_64.manylinux2014_x86_64.whl", hash = "sha256:023040a3499f6f974ae9091bcdd0385dd9e9eb4942f231c23c57708147b06311", size = 11688307, upload-time = "2025-07-11T13:20:52.945Z" },
    { url = "https://files.pythonhosted.org/packages/93/72/08f9e826085b1f57c9a0226e48acb27643ff19b61516a34c6cab9d6ff3fa/ruff-0.12.3-py3-none-musllinux_1_2_aarch64.whl", hash = "sha256:883d844967bffff5ab28bba1a4d246c1a1b2933f48cb9840f3fdc5111c603b07", size = 10661020, upload-time = "2025-07-11T13:20:55.799Z" },
    { url = "https://files.pythonhosted.org/packages/80/a0/68da1250d12893466c78e54b4a0ff381370a33d848804bb51279367fc688/ruff-0.12.3-py3-none-musllinux_1_2_armv7l.whl", hash = "sha256:2120d3aa855ff385e0e562fdee14d564c9675edbe41625c87eeab744a7830d12", size = 10246300, upload-time = "2025-07-11T13:20:58.222Z" },
    { url = "https://files.pythonhosted.org/packages/6a/22/5f0093d556403e04b6fd0984fc0fb32fbb6f6ce116828fd54306a946f444/ruff-0.12.3-py3-none-musllinux_1_2_i686.whl", hash = "sha256:6b16647cbb470eaf4750d27dddc6ebf7758b918887b56d39e9c22cce2049082b", size = 11263119, upload-time = "2025-07-11T13:21:01.503Z" },
    { url = "https://files.pythonhosted.org/packages/92/c9/f4c0b69bdaffb9968ba40dd5fa7df354ae0c73d01f988601d8fac0c639b1/ruff-0.12.3-py3-none-musllinux_1_2_x86_64.whl", hash = "sha256:e1417051edb436230023575b149e8ff843a324557fe0a265863b7602df86722f", size = 11746990, upload-time = "2025-07-11T13:21:04.524Z" },
    { url = "https://files.pythonhosted.org/packages/fe/84/7cc7bd73924ee6be4724be0db5414a4a2ed82d06b30827342315a1be9e9c/ruff-0.12.3-py3-none-win32.whl", hash = "sha256:dfd45e6e926deb6409d0616078a666ebce93e55e07f0fb0228d4b2608b2c248d", size = 10589263, upload-time = "2025-07-11T13:21:07.148Z" },
    { url = "https://files.pythonhosted.org/packages/07/87/c070f5f027bd81f3efee7d14cb4d84067ecf67a3a8efb43aadfc72aa79a6/ruff-0.12.3-py3-none-win_amd64.whl", hash = "sha256:a946cf1e7ba3209bdef039eb97647f1c77f6f540e5845ec9c114d3af8df873e7", size = 11695072, upload-time = "2025-07-11T13:21:11.004Z" },
    { url = "https://files.pythonhosted.org/packages/e0/30/f3eaf6563c637b6e66238ed6535f6775480db973c836336e4122161986fc/ruff-0.12.3-py3-none-win_arm64.whl", hash = "sha256:5f9c7c9c8f84c2d7f27e93674d27136fbf489720251544c4da7fb3d742e011b1", size = 10805855, upload-time = "2025-07-11T13:21:13.547Z" },
]

[[package]]
name = "typing-extensions"
version = "4.13.2"
source = { registry = "https://pypi.org/simple" }
sdist = { url = "https://files.pythonhosted.org/packages/f6/37/23083fcd6e35492953e8d2aaaa68b860eb422b34627b13f2ce3eb6106061/typing_extensions-4.13.2.tar.gz", hash = "sha256:e6c81219bd689f51865d9e372991c540bda33a0379d5573cddb9a3a23f7caaef", size = 106967, upload-time = "2025-04-10T14:19:05.416Z" }
wheels = [
    { url = "https://files.pythonhosted.org/packages/8b/54/b1ae86c0973cc6f0210b53d508ca3641fb6d0c56823f288d108bc7ab3cc8/typing_extensions-4.13.2-py3-none-any.whl", hash = "sha256:a439e7c04b49fec3e5d3e2beaa21755cadbbdc391694e28ccdd36ca4a1408f8c", size = 45806, upload-time = "2025-04-10T14:19:03.967Z" },
]

[[package]]
name = "werkzeug"
version = "3.1.3"
source = { registry = "https://pypi.org/simple" }
dependencies = [
    { name = "markupsafe" },
]
sdist = { url = "https://files.pythonhosted.org/packages/9f/69/83029f1f6300c5fb2471d621ab06f6ec6b3324685a2ce0f9777fd4a8b71e/werkzeug-3.1.3.tar.gz", hash = "sha256:60723ce945c19328679790e3282cc758aa4a6040e4bb330f53d30fa546d44746", size = 806925, upload-time = "2024-11-08T15:52:18.093Z" }
wheels = [
    { url = "https://files.pythonhosted.org/packages/52/24/ab44c871b0f07f491e5d2ad12c9bd7358e527510618cb1b803a88e986db1/werkzeug-3.1.3-py3-none-any.whl", hash = "sha256:54b78bf3716d19a65be4fceccc0d1d7b89e608834989dfae50ea87564639213e", size = 224498, upload-time = "2024-11-08T15:52:16.132Z" },
]
